
Microsoft Visual Studio Solution File, Format Version 9.00
# Visual Studio 2005
Project("{8BC9CEB8-8B4A-11D0-8D11-00A0C91BC942}") = "Build", "Build.vcproj", "{C50A62CE-A509-4D92-BB2D-B6AC10F29679}"
	ProjectSection(ProjectDependencies) = postProject
		{86E28700-5F2A-4181-A6F7-13B739E434B7} = {86E28700-5F2A-4181-A6F7-13B739E434B7}
		{647229B4-4DBF-4113-B78B-80C257F68C90} = {647229B4-4DBF-4113-B78B-80C257F68C90}
		{E9AE84F6-5932-40EA-9EFF-B9553993258E} = {E9AE84F6-5932-40EA-9EFF-B9553993258E}
		{A42166DB-7B36-4757-9987-20630AF9A15A} = {A42166DB-7B36-4757-9987-20630AF9A15A}
		{FEBC1AD4-8805-490F-86C4-EED32F9D364C} = {FEBC1AD4-8805-490F-86C4-EED32F9D364C}
		{436115CB-6D55-48CA-9625-484F9DAE7F7E} = {436115CB-6D55-48CA-9625-484F9DAE7F7E}
		{869AB5B9-DC77-4E83-BA14-1FFC4D03A343} = {869AB5B9-DC77-4E83-BA14-1FFC4D03A343}
		{C3ACE9B0-9E43-4CCB-8642-8F66F55DAEDD} = {C3ACE9B0-9E43-4CCB-8642-8F66F55DAEDD}
		{B5C81293-3761-4F0C-9AA6-508D20A5BA00} = {B5C81293-3761-4F0C-9AA6-508D20A5BA00}
		{8B2EF167-36D3-43AC-8F3D-68E609C08EBA} = {8B2EF167-36D3-43AC-8F3D-68E609C08EBA}
		{9CEC3963-D2C7-40F1-8AC5-B3E2A350E5D9} = {9CEC3963-D2C7-40F1-8AC5-B3E2A350E5D9}
		{0A05ED5C-CAA9-4753-B70D-7A443099572F} = {0A05ED5C-CAA9-4753-B70D-7A443099572F}
		{41039656-D5A4-412B-A60D-75F912F5FC1E} = {41039656-D5A4-412B-A60D-75F912F5FC1E}
		{C8237A1B-3BA9-412F-8D48-5F7BA8A93E32} = {C8237A1B-3BA9-412F-8D48-5F7BA8A93E32}
		{DCC74F1A-6DB9-44CC-8935-2CFA54ACAB38} = {DCC74F1A-6DB9-44CC-8935-2CFA54ACAB38}
		{B11B1C1A-29FA-4E3C-A2A8-FACCD0FD4F18} = {B11B1C1A-29FA-4E3C-A2A8-FACCD0FD4F18}
		{236A1219-0E12-4A5D-AB03-C1680A665F05} = {236A1219-0E12-4A5D-AB03-C1680A665F05}
		{68527517-5E82-4A59-861F-F8342237DE18} = {68527517-5E82-4A59-861F-F8342237DE18}
		{5A3E6817-5A3C-4F59-BC8B-5365A50D2780} = {5A3E6817-5A3C-4F59-BC8B-5365A50D2780}
	EndProjectSection
EndProject
Project("{8BC9CEB8-8B4A-11D0-8D11-00A0C91BC942}") = "LDAP_auth", "LDAP_auth\LDAP_auth.vcproj", "{FEBC1AD4-8805-490F-86C4-EED32F9D364C}"
	ProjectSection(ProjectDependencies) = postProject
		{89F015D1-DCA7-444C-AFA0-D1E445922243} = {89F015D1-DCA7-444C-AFA0-D1E445922243}
	EndProjectSection
EndProject
Project("{8BC9CEB8-8B4A-11D0-8D11-00A0C91BC942}") = "LDAP_group", "LDAP_group\LDAP_group.vcproj", "{9CEC3963-D2C7-40F1-8AC5-B3E2A350E5D9}"
	ProjectSection(ProjectDependencies) = postProject
		{89F015D1-DCA7-444C-AFA0-D1E445922243} = {89F015D1-DCA7-444C-AFA0-D1E445922243}
	EndProjectSection
EndProject
Project("{8BC9CEB8-8B4A-11D0-8D11-00A0C91BC942}") = "NCSA_auth", "NCSA_auth\NCSA_auth.vcproj", "{B5C81293-3761-4F0C-9AA6-508D20A5BA00}"
	ProjectSection(ProjectDependencies) = postProject
		{89F015D1-DCA7-444C-AFA0-D1E445922243} = {89F015D1-DCA7-444C-AFA0-D1E445922243}
	EndProjectSection
EndProject
Project("{8BC9CEB8-8B4A-11D0-8D11-00A0C91BC942}") = "PerlPreprocessing", "PerlPreprocessing.vcproj", "{AB5858D1-01C2-43A6-9665-2ACC4CB37052}"
EndProject
Project("{8BC9CEB8-8B4A-11D0-8D11-00A0C91BC942}") = "cachemgr", "cachemgr\cachemgr.vcproj", "{C8237A1B-3BA9-412F-8D48-5F7BA8A93E32}"
	ProjectSection(ProjectDependencies) = postProject
		{89F015D1-DCA7-444C-AFA0-D1E445922243} = {89F015D1-DCA7-444C-AFA0-D1E445922243}
	EndProjectSection
EndProject
Project("{8BC9CEB8-8B4A-11D0-8D11-00A0C91BC942}") = "cf_data", "cf_data.vcproj", "{0DFA8E93-CD7B-42DF-9BB5-1BB51B55B587}"
	ProjectSection(ProjectDependencies) = postProject
		{E665C76C-411C-40B2-BF0A-12E61DFFF0B7} = {E665C76C-411C-40B2-BF0A-12E61DFFF0B7}
	EndProjectSection
EndProject
Project("{8BC9CEB8-8B4A-11D0-8D11-00A0C91BC942}") = "cf_gen", "cf_gen\cf_gen.vcproj", "{426670FC-0606-4959-B3FA-2A0EC2264E91}"
	ProjectSection(ProjectDependencies) = postProject
		{89F015D1-DCA7-444C-AFA0-D1E445922243} = {89F015D1-DCA7-444C-AFA0-D1E445922243}
		{0DFA8E93-CD7B-42DF-9BB5-1BB51B55B587} = {0DFA8E93-CD7B-42DF-9BB5-1BB51B55B587}
	EndProjectSection
EndProject
Project("{8BC9CEB8-8B4A-11D0-8D11-00A0C91BC942}") = "dnsserver", "dnsserver\dnsserver.vcproj", "{41039656-D5A4-412B-A60D-75F912F5FC1E}"
	ProjectSection(ProjectDependencies) = postProject
		{89F015D1-DCA7-444C-AFA0-D1E445922243} = {89F015D1-DCA7-444C-AFA0-D1E445922243}
	EndProjectSection
EndProject
Project("{8BC9CEB8-8B4A-11D0-8D11-00A0C91BC942}") = "fake_auth", "fake_auth\fake_auth.vcproj", "{86E28700-5F2A-4181-A6F7-13B739E434B7}"
	ProjectSection(ProjectDependencies) = postProject
		{89F015D1-DCA7-444C-AFA0-D1E445922243} = {89F015D1-DCA7-444C-AFA0-D1E445922243}
	EndProjectSection
EndProject
Project("{8BC9CEB8-8B4A-11D0-8D11-00A0C91BC942}") = "icons", "icons.vcproj", "{436115CB-6D55-48CA-9625-484F9DAE7F7E}"
EndProject
Project("{8BC9CEB8-8B4A-11D0-8D11-00A0C91BC942}") = "install", "install.vcproj", "{636D3412-1C74-48C8-89A6-EEAB2E6E9BFF}"
	ProjectSection(ProjectDependencies) = postProject
		{C50A62CE-A509-4D92-BB2D-B6AC10F29679} = {C50A62CE-A509-4D92-BB2D-B6AC10F29679}
	EndProjectSection
EndProject
Project("{8BC9CEB8-8B4A-11D0-8D11-00A0C91BC942}") = "ip_user_check", "ip_user_check\ip_user_check.vcproj", "{5A3E6817-5A3C-4F59-BC8B-5365A50D2780}"
	ProjectSection(ProjectDependencies) = postProject
		{89F015D1-DCA7-444C-AFA0-D1E445922243} = {89F015D1-DCA7-444C-AFA0-D1E445922243}
	EndProjectSection
EndProject
Project("{8BC9CEB8-8B4A-11D0-8D11-00A0C91BC942}") = "libbasic", "libbasic\libbasic.vcproj", "{CD900DFA-11EE-42C3-BAD9-72BEA224B43B}"
	ProjectSection(ProjectDependencies) = postProject
		{E665C76C-411C-40B2-BF0A-12E61DFFF0B7} = {E665C76C-411C-40B2-BF0A-12E61DFFF0B7}
	EndProjectSection
EndProject
Project("{8BC9CEB8-8B4A-11D0-8D11-00A0C91BC942}") = "libc", "libc\libc.vcproj", "{2BCD20AD-A8F3-4E68-9282-9ABAD020042F}"
	ProjectSection(ProjectDependencies) = postProject
		{AB5858D1-01C2-43A6-9665-2ACC4CB37052} = {AB5858D1-01C2-43A6-9665-2ACC4CB37052}
	EndProjectSection
EndProject
Project("{8BC9CEB8-8B4A-11D0-8D11-00A0C91BC942}") = "libcc", "libcc\libcc.vcproj", "{D699E422-95DC-448E-8338-9AF3E0DD5BFB}"
EndProject
Project("{8BC9CEB8-8B4A-11D0-8D11-00A0C91BC942}") = "libcoss", "libcoss\libcoss.vcproj", "{B569AD4D-0243-4791-8409-8EF77B227C4D}"
	ProjectSection(ProjectDependencies) = postProject
		{E665C76C-411C-40B2-BF0A-12E61DFFF0B7} = {E665C76C-411C-40B2-BF0A-12E61DFFF0B7}
	EndProjectSection
EndProject
Project("{8BC9CEB8-8B4A-11D0-8D11-00A0C91BC942}") = "libdigest", "libdigest\libdigest.vcproj", "{5FAC2F21-D34C-46F3-8356-5D28C1136D4C}"
	ProjectSection(ProjectDependencies) = postProject
		{E665C76C-411C-40B2-BF0A-12E61DFFF0B7} = {E665C76C-411C-40B2-BF0A-12E61DFFF0B7}
	EndProjectSection
EndProject
Project("{8BC9CEB8-8B4A-11D0-8D11-00A0C91BC942}") = "libgnuregex", "libgnuregex\libgnuregex.vcproj", "{AEF9372C-F983-4104-9EC3-345C9693E66B}"
	ProjectSection(ProjectDependencies) = postProject
		{E665C76C-411C-40B2-BF0A-12E61DFFF0B7} = {E665C76C-411C-40B2-BF0A-12E61DFFF0B7}
	EndProjectSection
EndProject
Project("{8BC9CEB8-8B4A-11D0-8D11-00A0C91BC942}") = "libheap", "libheap\libheap.vcproj", "{9DD3787C-DF28-4670-B65C-DA6AB7AFBA28}"
	ProjectSection(ProjectDependencies) = postProject
		{E665C76C-411C-40B2-BF0A-12E61DFFF0B7} = {E665C76C-411C-40B2-BF0A-12E61DFFF0B7}
	EndProjectSection
EndProject
Project("{8BC9CEB8-8B4A-11D0-8D11-00A0C91BC942}") = "liblru", "liblru\liblru.vcproj", "{AB5656AD-FBB4-4836-8E38-385FCE92780B}"
	ProjectSection(ProjectDependencies) = postProject
		{E665C76C-411C-40B2-BF0A-12E61DFFF0B7} = {E665C76C-411C-40B2-BF0A-12E61DFFF0B7}
	EndProjectSection
EndProject
Project("{8BC9CEB8-8B4A-11D0-8D11-00A0C91BC942}") = "libmiscutil", "libmiscutil\libmiscutil.vcproj", "{89F015D1-DCA7-444C-AFA0-D1E445922243}"
	ProjectSection(ProjectDependencies) = postProject
		{E665C76C-411C-40B2-BF0A-12E61DFFF0B7} = {E665C76C-411C-40B2-BF0A-12E61DFFF0B7}
	EndProjectSection
EndProject
Project("{8BC9CEB8-8B4A-11D0-8D11-00A0C91BC942}") = "libntlm", "libntlm\libntlm.vcproj", "{5F90BFED-718E-47CE-A4CF-ED8B3109AC6C}"
	ProjectSection(ProjectDependencies) = postProject
		{E665C76C-411C-40B2-BF0A-12E61DFFF0B7} = {E665C76C-411C-40B2-BF0A-12E61DFFF0B7}
	EndProjectSection
EndProject
Project("{8BC9CEB8-8B4A-11D0-8D11-00A0C91BC942}") = "libntlmauth", "libntlmauth\libntlmauth.vcproj", "{8C9E4410-64C5-471D-A4E2-11CDD1E56527}"
	ProjectSection(ProjectDependencies) = postProject
		{E665C76C-411C-40B2-BF0A-12E61DFFF0B7} = {E665C76C-411C-40B2-BF0A-12E61DFFF0B7}
	EndProjectSection
EndProject
Project("{8BC9CEB8-8B4A-11D0-8D11-00A0C91BC942}") = "libnull", "libnull\libnull.vcproj", "{03EB9AF9-0C12-41C6-B7C6-B18011A5FAEE}"
EndProject
Project("{8BC9CEB8-8B4A-11D0-8D11-00A0C91BC942}") = "libsnmp", "libsnmp\libsnmp.vcproj", "{BE74C2FC-B559-43E3-BE83-F1700D5E267D}"
	ProjectSection(ProjectDependencies) = postProject
		{E665C76C-411C-40B2-BF0A-12E61DFFF0B7} = {E665C76C-411C-40B2-BF0A-12E61DFFF0B7}
	EndProjectSection
EndProject
Project("{8BC9CEB8-8B4A-11D0-8D11-00A0C91BC942}") = "libsspwin32", "libsspwin32\libsspwin32.vcproj", "{492C477E-8D8E-442B-BB7D-E1ED24D942B2}"
EndProject
Project("{8BC9CEB8-8B4A-11D0-8D11-00A0C91BC942}") = "libtrie", "libtrie\libtrie.vcproj", "{CF8BFAAD-1BB1-497F-A6B0-75739AF88FE8}"
EndProject
Project("{8BC9CEB8-8B4A-11D0-8D11-00A0C91BC942}") = "libufs", "libufs\libufs.vcproj", "{E798C636-AF93-446E-846C-5B6E01B5899E}"
EndProject
Project("{8BC9CEB8-8B4A-11D0-8D11-00A0C91BC942}") = "modules", "modules.vcproj", "{E665C76C-411C-40B2-BF0A-12E61DFFF0B7}"
EndProject
Project("{8BC9CEB8-8B4A-11D0-8D11-00A0C91BC942}") = "pinger", "pinger\pinger.vcproj", "{FB6C8F4E-30A1-4A4D-8450-77005A3B9893}"
	ProjectSection(ProjectDependencies) = postProject
		{AB5858D1-01C2-43A6-9665-2ACC4CB37052} = {AB5858D1-01C2-43A6-9665-2ACC4CB37052}
		{89F015D1-DCA7-444C-AFA0-D1E445922243} = {89F015D1-DCA7-444C-AFA0-D1E445922243}
	EndProjectSection
EndProject
Project("{8BC9CEB8-8B4A-11D0-8D11-00A0C91BC942}") = "squid", "squid\squid.vcproj", "{C3ACE9B0-9E43-4CCB-8642-8F66F55DAEDD}"
	ProjectSection(ProjectDependencies) = postProject
		{8C9E4410-64C5-471D-A4E2-11CDD1E56527} = {8C9E4410-64C5-471D-A4E2-11CDD1E56527}
		{5FAC2F21-D34C-46F3-8356-5D28C1136D4C} = {5FAC2F21-D34C-46F3-8356-5D28C1136D4C}
		{303568DA-FD43-4B0B-8D7E-090BC9350A64} = {303568DA-FD43-4B0B-8D7E-090BC9350A64}
		{E73379FA-E241-43B2-B83F-2378EBBDD24F} = {E73379FA-E241-43B2-B83F-2378EBBDD24F}
		{FF99A1FE-532A-4A23-AD40-AEEE8E9BB05F} = {FF99A1FE-532A-4A23-AD40-AEEE8E9BB05F}
		{BE74C2FC-B559-43E3-BE83-F1700D5E267D} = {BE74C2FC-B559-43E3-BE83-F1700D5E267D}
		{CD900DFA-11EE-42C3-BAD9-72BEA224B43B} = {CD900DFA-11EE-42C3-BAD9-72BEA224B43B}
		{03EB9AF9-0C12-41C6-B7C6-B18011A5FAEE} = {03EB9AF9-0C12-41C6-B7C6-B18011A5FAEE}
		{5F90BFED-718E-47CE-A4CF-ED8B3109AC6C} = {5F90BFED-718E-47CE-A4CF-ED8B3109AC6C}
		{DB51CEDA-D745-45BB-941F-40740526AA36} = {DB51CEDA-D745-45BB-941F-40740526AA36}
		{AB5858D1-01C2-43A6-9665-2ACC4CB37052} = {AB5858D1-01C2-43A6-9665-2ACC4CB37052}
		{89F015D1-DCA7-444C-AFA0-D1E445922243} = {89F015D1-DCA7-444C-AFA0-D1E445922243}
		{93345CCC-5234-4178-916D-A8034D05E0EF} = {93345CCC-5234-4178-916D-A8034D05E0EF}
		{CF8BFAAD-1BB1-497F-A6B0-75739AF88FE8} = {CF8BFAAD-1BB1-497F-A6B0-75739AF88FE8}
		{AB5656AD-FBB4-4836-8E38-385FCE92780B} = {AB5656AD-FBB4-4836-8E38-385FCE92780B}
		{2BCD20AD-A8F3-4E68-9282-9ABAD020042F} = {2BCD20AD-A8F3-4E68-9282-9ABAD020042F}
		{9DD3787C-DF28-4670-B65C-DA6AB7AFBA28} = {9DD3787C-DF28-4670-B65C-DA6AB7AFBA28}
		{AA5CF173-AA03-4209-AD7E-F22F840EFF9B} = {AA5CF173-AA03-4209-AD7E-F22F840EFF9B}
		{E665C76C-411C-40B2-BF0A-12E61DFFF0B7} = {E665C76C-411C-40B2-BF0A-12E61DFFF0B7}
		{B569AD4D-0243-4791-8409-8EF77B227C4D} = {B569AD4D-0243-4791-8409-8EF77B227C4D}
		{E798C636-AF93-446E-846C-5B6E01B5899E} = {E798C636-AF93-446E-846C-5B6E01B5899E}
		{AEF9372C-F983-4104-9EC3-345C9693E66B} = {AEF9372C-F983-4104-9EC3-345C9693E66B}
		{D699E422-95DC-448E-8338-9AF3E0DD5BFB} = {D699E422-95DC-448E-8338-9AF3E0DD5BFB}
	EndProjectSection
EndProject
Project("{8BC9CEB8-8B4A-11D0-8D11-00A0C91BC942}") = "squid_conf_default", "squid_conf_default.vcproj", "{DB51CEDA-D745-45BB-941F-40740526AA36}"
	ProjectSection(ProjectDependencies) = postProject
		{426670FC-0606-4959-B3FA-2A0EC2264E91} = {426670FC-0606-4959-B3FA-2A0EC2264E91}
	EndProjectSection
EndProject
Project("{8BC9CEB8-8B4A-11D0-8D11-00A0C91BC942}") = "squidclient", "squidclient\squidclient.vcproj", "{869AB5B9-DC77-4E83-BA14-1FFC4D03A343}"
	ProjectSection(ProjectDependencies) = postProject
		{89F015D1-DCA7-444C-AFA0-D1E445922243} = {89F015D1-DCA7-444C-AFA0-D1E445922243}
	EndProjectSection
EndProject
Project("{8BC9CEB8-8B4A-11D0-8D11-00A0C91BC942}") = "unlinkd", "unlinkd\unlinkd.vcproj", "{8B2EF167-36D3-43AC-8F3D-68E609C08EBA}"
	ProjectSection(ProjectDependencies) = postProject
		{89F015D1-DCA7-444C-AFA0-D1E445922243} = {89F015D1-DCA7-444C-AFA0-D1E445922243}
	EndProjectSection
EndProject
Project("{8BC9CEB8-8B4A-11D0-8D11-00A0C91BC942}") = "libBlocking", "libBlocking\libBlocking.vcproj", "{FF99A1FE-532A-4A23-AD40-AEEE8E9BB05F}"
EndProject
Project("{8BC9CEB8-8B4A-11D0-8D11-00A0C91BC942}") = "digest_pw_auth", "digest_pw_auth\digest_pw_auth.vcproj", "{A42166DB-7B36-4757-9987-20630AF9A15A}"
	ProjectSection(ProjectDependencies) = postProject
		{89F015D1-DCA7-444C-AFA0-D1E445922243} = {89F015D1-DCA7-444C-AFA0-D1E445922243}
	EndProjectSection
EndProject
Project("{8BC9CEB8-8B4A-11D0-8D11-00A0C91BC942}") = "mswin_negotiate_auth", "mswin_negotiate_auth\mswin_negotiate_auth.vcproj", "{E9AE84F6-5932-40EA-9EFF-B9553993258E}"
	ProjectSection(ProjectDependencies) = postProject
		{89F015D1-DCA7-444C-AFA0-D1E445922243} = {89F015D1-DCA7-444C-AFA0-D1E445922243}
		{492C477E-8D8E-442B-BB7D-E1ED24D942B2} = {492C477E-8D8E-442B-BB7D-E1ED24D942B2}
	EndProjectSection
EndProject
Project("{8BC9CEB8-8B4A-11D0-8D11-00A0C91BC942}") = "libnegotiate", "libnegotiate\libnegotiate.vcproj", "{AA5CF173-AA03-4209-AD7E-F22F840EFF9B}"
	ProjectSection(ProjectDependencies) = postProject
		{E665C76C-411C-40B2-BF0A-12E61DFFF0B7} = {E665C76C-411C-40B2-BF0A-12E61DFFF0B7}
	EndProjectSection
EndProject
Project("{8BC9CEB8-8B4A-11D0-8D11-00A0C91BC942}") = "mswin_ntlm_auth", "mswin_ntlm_auth\mswin_ntlm_auth.vcproj", "{B11B1C1A-29FA-4E3C-A2A8-FACCD0FD4F18}"
	ProjectSection(ProjectDependencies) = postProject
		{89F015D1-DCA7-444C-AFA0-D1E445922243} = {89F015D1-DCA7-444C-AFA0-D1E445922243}
		{492C477E-8D8E-442B-BB7D-E1ED24D942B2} = {492C477E-8D8E-442B-BB7D-E1ED24D942B2}
		{8C9E4410-64C5-471D-A4E2-11CDD1E56527} = {8C9E4410-64C5-471D-A4E2-11CDD1E56527}
	EndProjectSection
EndProject
Project("{8BC9CEB8-8B4A-11D0-8D11-00A0C91BC942}") = "mswin_auth", "mswin_auth\mswin_auth.vcproj", "{236A1219-0E12-4A5D-AB03-C1680A665F05}"
	ProjectSection(ProjectDependencies) = postProject
		{89F015D1-DCA7-444C-AFA0-D1E445922243} = {89F015D1-DCA7-444C-AFA0-D1E445922243}
		{492C477E-8D8E-442B-BB7D-E1ED24D942B2} = {492C477E-8D8E-442B-BB7D-E1ED24D942B2}
	EndProjectSection
EndProject
Project("{8BC9CEB8-8B4A-11D0-8D11-00A0C91BC942}") = "mswin_check_lm_group", "mswin_check_lm_group\mswin_check_lm_group.vcproj", "{0A05ED5C-CAA9-4753-B70D-7A443099572F}"
	ProjectSection(ProjectDependencies) = postProject
		{89F015D1-DCA7-444C-AFA0-D1E445922243} = {89F015D1-DCA7-444C-AFA0-D1E445922243}
	EndProjectSection
EndProject
Project("{8BC9CEB8-8B4A-11D0-8D11-00A0C91BC942}") = "doc", "doc.vcproj", "{68527517-5E82-4A59-861F-F8342237DE18}"
EndProject
Project("{8BC9CEB8-8B4A-11D0-8D11-00A0C91BC942}") = "libicap", "libicap\libicap.vcproj", "{93345CCC-5234-4178-916D-A8034D05E0EF}"
EndProject
Project("{8BC9CEB8-8B4A-11D0-8D11-00A0C91BC942}") = "digest_ldap_auth", "digest_ldap_auth\digest_ldap_auth.vcproj", "{DCC74F1A-6DB9-44CC-8935-2CFA54ACAB38}"
	ProjectSection(ProjectDependencies) = postProject
		{89F015D1-DCA7-444C-AFA0-D1E445922243} = {89F015D1-DCA7-444C-AFA0-D1E445922243}
	EndProjectSection
EndProject
Project("{8BC9CEB8-8B4A-11D0-8D11-00A0C91BC942}") = "libAIO", "libAIO\libAIO.vcproj", "{E73379FA-E241-43B2-B83F-2378EBBDD24F}"
EndProject
Project("{8BC9CEB8-8B4A-11D0-8D11-00A0C91BC942}") = "libDiskThreads", "libDiskThreads\libDiskThreads.vcproj", "{303568DA-FD43-4B0B-8D7E-090BC9350A64}"
EndProject
Project("{8BC9CEB8-8B4A-11D0-8D11-00A0C91BC942}") = "digest_edir_auth", "digest_edir_auth\digest_edir_auth.vcproj", "{647229B4-4DBF-4113-B78B-80C257F68C90}"
	ProjectSection(ProjectDependencies) = postProject
		{89F015D1-DCA7-444C-AFA0-D1E445922243} = {89F015D1-DCA7-444C-AFA0-D1E445922243}
	EndProjectSection
EndProject
Global
	GlobalSection(SolutionConfigurationPlatforms) = preSolution
		Debug|Win32 = Debug|Win32
		Release|Win32 = Release|Win32
	EndGlobalSection
	GlobalSection(ProjectConfigurationPlatforms) = postSolution
		{C50A62CE-A509-4D92-BB2D-B6AC10F29679}.Debug|Win32.ActiveCfg = Debug|Win32
		{C50A62CE-A509-4D92-BB2D-B6AC10F29679}.Debug|Win32.Build.0 = Debug|Win32
		{C50A62CE-A509-4D92-BB2D-B6AC10F29679}.Release|Win32.ActiveCfg = Release|Win32
		{C50A62CE-A509-4D92-BB2D-B6AC10F29679}.Release|Win32.Build.0 = Release|Win32
		{FEBC1AD4-8805-490F-86C4-EED32F9D364C}.Debug|Win32.ActiveCfg = Debug|Win32
		{FEBC1AD4-8805-490F-86C4-EED32F9D364C}.Debug|Win32.Build.0 = Debug|Win32
		{FEBC1AD4-8805-490F-86C4-EED32F9D364C}.Release|Win32.ActiveCfg = Release|Win32
		{FEBC1AD4-8805-490F-86C4-EED32F9D364C}.Release|Win32.Build.0 = Release|Win32
		{9CEC3963-D2C7-40F1-8AC5-B3E2A350E5D9}.Debug|Win32.ActiveCfg = Debug|Win32
		{9CEC3963-D2C7-40F1-8AC5-B3E2A350E5D9}.Debug|Win32.Build.0 = Debug|Win32
		{9CEC3963-D2C7-40F1-8AC5-B3E2A350E5D9}.Release|Win32.ActiveCfg = Release|Win32
		{9CEC3963-D2C7-40F1-8AC5-B3E2A350E5D9}.Release|Win32.Build.0 = Release|Win32
		{B5C81293-3761-4F0C-9AA6-508D20A5BA00}.Debug|Win32.ActiveCfg = Debug|Win32
		{B5C81293-3761-4F0C-9AA6-508D20A5BA00}.Debug|Win32.Build.0 = Debug|Win32
		{B5C81293-3761-4F0C-9AA6-508D20A5BA00}.Release|Win32.ActiveCfg = Release|Win32
		{B5C81293-3761-4F0C-9AA6-508D20A5BA00}.Release|Win32.Build.0 = Release|Win32
		{AB5858D1-01C2-43A6-9665-2ACC4CB37052}.Debug|Win32.ActiveCfg = Debug|Win32
		{AB5858D1-01C2-43A6-9665-2ACC4CB37052}.Debug|Win32.Build.0 = Debug|Win32
		{AB5858D1-01C2-43A6-9665-2ACC4CB37052}.Release|Win32.ActiveCfg = Release|Win32
		{AB5858D1-01C2-43A6-9665-2ACC4CB37052}.Release|Win32.Build.0 = Release|Win32
		{C8237A1B-3BA9-412F-8D48-5F7BA8A93E32}.Debug|Win32.ActiveCfg = Debug|Win32
		{C8237A1B-3BA9-412F-8D48-5F7BA8A93E32}.Debug|Win32.Build.0 = Debug|Win32
		{C8237A1B-3BA9-412F-8D48-5F7BA8A93E32}.Release|Win32.ActiveCfg = Release|Win32
		{C8237A1B-3BA9-412F-8D48-5F7BA8A93E32}.Release|Win32.Build.0 = Release|Win32
		{0DFA8E93-CD7B-42DF-9BB5-1BB51B55B587}.Debug|Win32.ActiveCfg = Debug|Win32
		{0DFA8E93-CD7B-42DF-9BB5-1BB51B55B587}.Debug|Win32.Build.0 = Debug|Win32
		{0DFA8E93-CD7B-42DF-9BB5-1BB51B55B587}.Release|Win32.ActiveCfg = Release|Win32
		{0DFA8E93-CD7B-42DF-9BB5-1BB51B55B587}.Release|Win32.Build.0 = Release|Win32
		{426670FC-0606-4959-B3FA-2A0EC2264E91}.Debug|Win32.ActiveCfg = Debug|Win32
		{426670FC-0606-4959-B3FA-2A0EC2264E91}.Debug|Win32.Build.0 = Debug|Win32
		{426670FC-0606-4959-B3FA-2A0EC2264E91}.Release|Win32.ActiveCfg = Release|Win32
		{426670FC-0606-4959-B3FA-2A0EC2264E91}.Release|Win32.Build.0 = Release|Win32
		{41039656-D5A4-412B-A60D-75F912F5FC1E}.Debug|Win32.ActiveCfg = Debug|Win32
		{41039656-D5A4-412B-A60D-75F912F5FC1E}.Debug|Win32.Build.0 = Debug|Win32
		{41039656-D5A4-412B-A60D-75F912F5FC1E}.Release|Win32.ActiveCfg = Release|Win32
		{41039656-D5A4-412B-A60D-75F912F5FC1E}.Release|Win32.Build.0 = Release|Win32
		{86E28700-5F2A-4181-A6F7-13B739E434B7}.Debug|Win32.ActiveCfg = Debug|Win32
		{86E28700-5F2A-4181-A6F7-13B739E434B7}.Debug|Win32.Build.0 = Debug|Win32
		{86E28700-5F2A-4181-A6F7-13B739E434B7}.Release|Win32.ActiveCfg = Release|Win32
		{86E28700-5F2A-4181-A6F7-13B739E434B7}.Release|Win32.Build.0 = Release|Win32
		{436115CB-6D55-48CA-9625-484F9DAE7F7E}.Debug|Win32.ActiveCfg = Debug|Win32
		{436115CB-6D55-48CA-9625-484F9DAE7F7E}.Debug|Win32.Build.0 = Debug|Win32
		{436115CB-6D55-48CA-9625-484F9DAE7F7E}.Release|Win32.ActiveCfg = Release|Win32
		{436115CB-6D55-48CA-9625-484F9DAE7F7E}.Release|Win32.Build.0 = Release|Win32
		{636D3412-1C74-48C8-89A6-EEAB2E6E9BFF}.Debug|Win32.ActiveCfg = Debug|Win32
		{636D3412-1C74-48C8-89A6-EEAB2E6E9BFF}.Debug|Win32.Build.0 = Debug|Win32
		{636D3412-1C74-48C8-89A6-EEAB2E6E9BFF}.Release|Win32.ActiveCfg = Release|Win32
		{636D3412-1C74-48C8-89A6-EEAB2E6E9BFF}.Release|Win32.Build.0 = Release|Win32
		{5A3E6817-5A3C-4F59-BC8B-5365A50D2780}.Debug|Win32.ActiveCfg = Debug|Win32
		{5A3E6817-5A3C-4F59-BC8B-5365A50D2780}.Debug|Win32.Build.0 = Debug|Win32
		{5A3E6817-5A3C-4F59-BC8B-5365A50D2780}.Release|Win32.ActiveCfg = Release|Win32
		{5A3E6817-5A3C-4F59-BC8B-5365A50D2780}.Release|Win32.Build.0 = Release|Win32
		{CD900DFA-11EE-42C3-BAD9-72BEA224B43B}.Debug|Win32.ActiveCfg = Debug|Win32
		{CD900DFA-11EE-42C3-BAD9-72BEA224B43B}.Debug|Win32.Build.0 = Debug|Win32
		{CD900DFA-11EE-42C3-BAD9-72BEA224B43B}.Release|Win32.ActiveCfg = Release|Win32
		{CD900DFA-11EE-42C3-BAD9-72BEA224B43B}.Release|Win32.Build.0 = Release|Win32
		{2BCD20AD-A8F3-4E68-9282-9ABAD020042F}.Debug|Win32.ActiveCfg = Debug|Win32
		{2BCD20AD-A8F3-4E68-9282-9ABAD020042F}.Debug|Win32.Build.0 = Debug|Win32
		{2BCD20AD-A8F3-4E68-9282-9ABAD020042F}.Release|Win32.ActiveCfg = Release|Win32
		{2BCD20AD-A8F3-4E68-9282-9ABAD020042F}.Release|Win32.Build.0 = Release|Win32
		{D699E422-95DC-448E-8338-9AF3E0DD5BFB}.Debug|Win32.ActiveCfg = Debug|Win32
		{D699E422-95DC-448E-8338-9AF3E0DD5BFB}.Debug|Win32.Build.0 = Debug|Win32
		{D699E422-95DC-448E-8338-9AF3E0DD5BFB}.Release|Win32.ActiveCfg = Release|Win32
		{D699E422-95DC-448E-8338-9AF3E0DD5BFB}.Release|Win32.Build.0 = Release|Win32
		{B569AD4D-0243-4791-8409-8EF77B227C4D}.Debug|Win32.ActiveCfg = Debug|Win32
		{B569AD4D-0243-4791-8409-8EF77B227C4D}.Debug|Win32.Build.0 = Debug|Win32
		{B569AD4D-0243-4791-8409-8EF77B227C4D}.Release|Win32.ActiveCfg = Release|Win32
		{B569AD4D-0243-4791-8409-8EF77B227C4D}.Release|Win32.Build.0 = Release|Win32
		{5FAC2F21-D34C-46F3-8356-5D28C1136D4C}.Debug|Win32.ActiveCfg = Debug|Win32
		{5FAC2F21-D34C-46F3-8356-5D28C1136D4C}.Debug|Win32.Build.0 = Debug|Win32
		{5FAC2F21-D34C-46F3-8356-5D28C1136D4C}.Release|Win32.ActiveCfg = Release|Win32
		{5FAC2F21-D34C-46F3-8356-5D28C1136D4C}.Release|Win32.Build.0 = Release|Win32
		{AEF9372C-F983-4104-9EC3-345C9693E66B}.Debug|Win32.ActiveCfg = Debug|Win32
		{AEF9372C-F983-4104-9EC3-345C9693E66B}.Debug|Win32.Build.0 = Debug|Win32
		{AEF9372C-F983-4104-9EC3-345C9693E66B}.Release|Win32.ActiveCfg = Release|Win32
		{AEF9372C-F983-4104-9EC3-345C9693E66B}.Release|Win32.Build.0 = Release|Win32
		{9DD3787C-DF28-4670-B65C-DA6AB7AFBA28}.Debug|Win32.ActiveCfg = Debug|Win32
		{9DD3787C-DF28-4670-B65C-DA6AB7AFBA28}.Debug|Win32.Build.0 = Debug|Win32
		{9DD3787C-DF28-4670-B65C-DA6AB7AFBA28}.Release|Win32.ActiveCfg = Release|Win32
		{9DD3787C-DF28-4670-B65C-DA6AB7AFBA28}.Release|Win32.Build.0 = Release|Win32
		{AB5656AD-FBB4-4836-8E38-385FCE92780B}.Debug|Win32.ActiveCfg = Debug|Win32
		{AB5656AD-FBB4-4836-8E38-385FCE92780B}.Debug|Win32.Build.0 = Debug|Win32
		{AB5656AD-FBB4-4836-8E38-385FCE92780B}.Release|Win32.ActiveCfg = Release|Win32
		{AB5656AD-FBB4-4836-8E38-385FCE92780B}.Release|Win32.Build.0 = Release|Win32
		{89F015D1-DCA7-444C-AFA0-D1E445922243}.Debug|Win32.ActiveCfg = Debug|Win32
		{89F015D1-DCA7-444C-AFA0-D1E445922243}.Debug|Win32.Build.0 = Debug|Win32
		{89F015D1-DCA7-444C-AFA0-D1E445922243}.Release|Win32.ActiveCfg = Release|Win32
		{89F015D1-DCA7-444C-AFA0-D1E445922243}.Release|Win32.Build.0 = Release|Win32
		{5F90BFED-718E-47CE-A4CF-ED8B3109AC6C}.Debug|Win32.ActiveCfg = Debug|Win32
		{5F90BFED-718E-47CE-A4CF-ED8B3109AC6C}.Debug|Win32.Build.0 = Debug|Win32
		{5F90BFED-718E-47CE-A4CF-ED8B3109AC6C}.Release|Win32.ActiveCfg = Release|Win32
		{5F90BFED-718E-47CE-A4CF-ED8B3109AC6C}.Release|Win32.Build.0 = Release|Win32
		{8C9E4410-64C5-471D-A4E2-11CDD1E56527}.Debug|Win32.ActiveCfg = Debug|Win32
		{8C9E4410-64C5-471D-A4E2-11CDD1E56527}.Debug|Win32.Build.0 = Debug|Win32
		{8C9E4410-64C5-471D-A4E2-11CDD1E56527}.Release|Win32.ActiveCfg = Release|Win32
		{8C9E4410-64C5-471D-A4E2-11CDD1E56527}.Release|Win32.Build.0 = Release|Win32
		{03EB9AF9-0C12-41C6-B7C6-B18011A5FAEE}.Debug|Win32.ActiveCfg = Debug|Win32
		{03EB9AF9-0C12-41C6-B7C6-B18011A5FAEE}.Debug|Win32.Build.0 = Debug|Win32
		{03EB9AF9-0C12-41C6-B7C6-B18011A5FAEE}.Release|Win32.ActiveCfg = Release|Win32
		{03EB9AF9-0C12-41C6-B7C6-B18011A5FAEE}.Release|Win32.Build.0 = Release|Win32
		{BE74C2FC-B559-43E3-BE83-F1700D5E267D}.Debug|Win32.ActiveCfg = Debug|Win32
		{BE74C2FC-B559-43E3-BE83-F1700D5E267D}.Debug|Win32.Build.0 = Debug|Win32
		{BE74C2FC-B559-43E3-BE83-F1700D5E267D}.Release|Win32.ActiveCfg = Release|Win32
		{BE74C2FC-B559-43E3-BE83-F1700D5E267D}.Release|Win32.Build.0 = Release|Win32
		{492C477E-8D8E-442B-BB7D-E1ED24D942B2}.Debug|Win32.ActiveCfg = Debug|Win32
		{492C477E-8D8E-442B-BB7D-E1ED24D942B2}.Debug|Win32.Build.0 = Debug|Win32
		{492C477E-8D8E-442B-BB7D-E1ED24D942B2}.Release|Win32.ActiveCfg = Release|Win32
		{492C477E-8D8E-442B-BB7D-E1ED24D942B2}.Release|Win32.Build.0 = Release|Win32
		{CF8BFAAD-1BB1-497F-A6B0-75739AF88FE8}.Debug|Win32.ActiveCfg = Debug|Win32
		{CF8BFAAD-1BB1-497F-A6B0-75739AF88FE8}.Debug|Win32.Build.0 = Debug|Win32
		{CF8BFAAD-1BB1-497F-A6B0-75739AF88FE8}.Release|Win32.ActiveCfg = Release|Win32
		{CF8BFAAD-1BB1-497F-A6B0-75739AF88FE8}.Release|Win32.Build.0 = Release|Win32
		{E798C636-AF93-446E-846C-5B6E01B5899E}.Debug|Win32.ActiveCfg = Debug|Win32
		{E798C636-AF93-446E-846C-5B6E01B5899E}.Debug|Win32.Build.0 = Debug|Win32
		{E798C636-AF93-446E-846C-5B6E01B5899E}.Release|Win32.ActiveCfg = Release|Win32
		{E798C636-AF93-446E-846C-5B6E01B5899E}.Release|Win32.Build.0 = Release|Win32
		{E665C76C-411C-40B2-BF0A-12E61DFFF0B7}.Debug|Win32.ActiveCfg = Debug|Win32
		{E665C76C-411C-40B2-BF0A-12E61DFFF0B7}.Debug|Win32.Build.0 = Debug|Win32
		{E665C76C-411C-40B2-BF0A-12E61DFFF0B7}.Release|Win32.ActiveCfg = Release|Win32
		{E665C76C-411C-40B2-BF0A-12E61DFFF0B7}.Release|Win32.Build.0 = Release|Win32
		{FB6C8F4E-30A1-4A4D-8450-77005A3B9893}.Debug|Win32.ActiveCfg = Debug|Win32
		{FB6C8F4E-30A1-4A4D-8450-77005A3B9893}.Debug|Win32.Build.0 = Debug|Win32
		{FB6C8F4E-30A1-4A4D-8450-77005A3B9893}.Release|Win32.ActiveCfg = Release|Win32
		{FB6C8F4E-30A1-4A4D-8450-77005A3B9893}.Release|Win32.Build.0 = Release|Win32
		{C3ACE9B0-9E43-4CCB-8642-8F66F55DAEDD}.Debug|Win32.ActiveCfg = Debug|Win32
		{C3ACE9B0-9E43-4CCB-8642-8F66F55DAEDD}.Debug|Win32.Build.0 = Debug|Win32
		{C3ACE9B0-9E43-4CCB-8642-8F66F55DAEDD}.Release|Win32.ActiveCfg = Release|Win32
		{C3ACE9B0-9E43-4CCB-8642-8F66F55DAEDD}.Release|Win32.Build.0 = Release|Win32
		{DB51CEDA-D745-45BB-941F-40740526AA36}.Debug|Win32.ActiveCfg = Debug|Win32
		{DB51CEDA-D745-45BB-941F-40740526AA36}.Debug|Win32.Build.0 = Debug|Win32
		{DB51CEDA-D745-45BB-941F-40740526AA36}.Release|Win32.ActiveCfg = Release|Win32
		{DB51CEDA-D745-45BB-941F-40740526AA36}.Release|Win32.Build.0 = Release|Win32
		{869AB5B9-DC77-4E83-BA14-1FFC4D03A343}.Debug|Win32.ActiveCfg = Debug|Win32
		{869AB5B9-DC77-4E83-BA14-1FFC4D03A343}.Debug|Win32.Build.0 = Debug|Win32
		{869AB5B9-DC77-4E83-BA14-1FFC4D03A343}.Release|Win32.ActiveCfg = Release|Win32
		{869AB5B9-DC77-4E83-BA14-1FFC4D03A343}.Release|Win32.Build.0 = Release|Win32
		{8B2EF167-36D3-43AC-8F3D-68E609C08EBA}.Debug|Win32.ActiveCfg = Debug|Win32
		{8B2EF167-36D3-43AC-8F3D-68E609C08EBA}.Debug|Win32.Build.0 = Debug|Win32
		{8B2EF167-36D3-43AC-8F3D-68E609C08EBA}.Release|Win32.ActiveCfg = Release|Win32
		{8B2EF167-36D3-43AC-8F3D-68E609C08EBA}.Release|Win32.Build.0 = Release|Win32
		{FF99A1FE-532A-4A23-AD40-AEEE8E9BB05F}.Debug|Win32.ActiveCfg = Debug|Win32
		{FF99A1FE-532A-4A23-AD40-AEEE8E9BB05F}.Debug|Win32.Build.0 = Debug|Win32
		{FF99A1FE-532A-4A23-AD40-AEEE8E9BB05F}.Release|Win32.ActiveCfg = Release|Win32
		{FF99A1FE-532A-4A23-AD40-AEEE8E9BB05F}.Release|Win32.Build.0 = Release|Win32
		{A42166DB-7B36-4757-9987-20630AF9A15A}.Debug|Win32.ActiveCfg = Debug|Win32
		{A42166DB-7B36-4757-9987-20630AF9A15A}.Debug|Win32.Build.0 = Debug|Win32
		{A42166DB-7B36-4757-9987-20630AF9A15A}.Release|Win32.ActiveCfg = Release|Win32
		{A42166DB-7B36-4757-9987-20630AF9A15A}.Release|Win32.Build.0 = Release|Win32
		{E9AE84F6-5932-40EA-9EFF-B9553993258E}.Debug|Win32.ActiveCfg = Debug|Win32
		{E9AE84F6-5932-40EA-9EFF-B9553993258E}.Debug|Win32.Build.0 = Debug|Win32
		{E9AE84F6-5932-40EA-9EFF-B9553993258E}.Release|Win32.ActiveCfg = Release|Win32
		{E9AE84F6-5932-40EA-9EFF-B9553993258E}.Release|Win32.Build.0 = Release|Win32
		{AA5CF173-AA03-4209-AD7E-F22F840EFF9B}.Debug|Win32.ActiveCfg = Debug|Win32
		{AA5CF173-AA03-4209-AD7E-F22F840EFF9B}.Debug|Win32.Build.0 = Debug|Win32
		{AA5CF173-AA03-4209-AD7E-F22F840EFF9B}.Release|Win32.ActiveCfg = Release|Win32
		{AA5CF173-AA03-4209-AD7E-F22F840EFF9B}.Release|Win32.Build.0 = Release|Win32
		{B11B1C1A-29FA-4E3C-A2A8-FACCD0FD4F18}.Debug|Win32.ActiveCfg = Debug|Win32
		{B11B1C1A-29FA-4E3C-A2A8-FACCD0FD4F18}.Debug|Win32.Build.0 = Debug|Win32
		{B11B1C1A-29FA-4E3C-A2A8-FACCD0FD4F18}.Release|Win32.ActiveCfg = Release|Win32
		{B11B1C1A-29FA-4E3C-A2A8-FACCD0FD4F18}.Release|Win32.Build.0 = Release|Win32
		{236A1219-0E12-4A5D-AB03-C1680A665F05}.Debug|Win32.ActiveCfg = Debug|Win32
		{236A1219-0E12-4A5D-AB03-C1680A665F05}.Debug|Win32.Build.0 = Debug|Win32
		{236A1219-0E12-4A5D-AB03-C1680A665F05}.Release|Win32.ActiveCfg = Release|Win32
		{236A1219-0E12-4A5D-AB03-C1680A665F05}.Release|Win32.Build.0 = Release|Win32
		{0A05ED5C-CAA9-4753-B70D-7A443099572F}.Debug|Win32.ActiveCfg = Debug|Win32
		{0A05ED5C-CAA9-4753-B70D-7A443099572F}.Debug|Win32.Build.0 = Debug|Win32
		{0A05ED5C-CAA9-4753-B70D-7A443099572F}.Release|Win32.ActiveCfg = Release|Win32
		{0A05ED5C-CAA9-4753-B70D-7A443099572F}.Release|Win32.Build.0 = Release|Win32
		{68527517-5E82-4A59-861F-F8342237DE18}.Debug|Win32.ActiveCfg = Debug|Win32
		{68527517-5E82-4A59-861F-F8342237DE18}.Debug|Win32.Build.0 = Debug|Win32
		{68527517-5E82-4A59-861F-F8342237DE18}.Release|Win32.ActiveCfg = Release|Win32
		{68527517-5E82-4A59-861F-F8342237DE18}.Release|Win32.Build.0 = Release|Win32
		{93345CCC-5234-4178-916D-A8034D05E0EF}.Debug|Win32.ActiveCfg = Debug|Win32
		{93345CCC-5234-4178-916D-A8034D05E0EF}.Debug|Win32.Build.0 = Debug|Win32
		{93345CCC-5234-4178-916D-A8034D05E0EF}.Release|Win32.ActiveCfg = Release|Win32
		{93345CCC-5234-4178-916D-A8034D05E0EF}.Release|Win32.Build.0 = Release|Win32
		{DCC74F1A-6DB9-44CC-8935-2CFA54ACAB38}.Debug|Win32.ActiveCfg = Debug|Win32
		{DCC74F1A-6DB9-44CC-8935-2CFA54ACAB38}.Debug|Win32.Build.0 = Debug|Win32
		{DCC74F1A-6DB9-44CC-8935-2CFA54ACAB38}.Release|Win32.ActiveCfg = Release|Win32
		{DCC74F1A-6DB9-44CC-8935-2CFA54ACAB38}.Release|Win32.Build.0 = Release|Win32
		{E73379FA-E241-43B2-B83F-2378EBBDD24F}.Debug|Win32.ActiveCfg = Debug|Win32
		{E73379FA-E241-43B2-B83F-2378EBBDD24F}.Debug|Win32.Build.0 = Debug|Win32
		{E73379FA-E241-43B2-B83F-2378EBBDD24F}.Release|Win32.ActiveCfg = Release|Win32
		{E73379FA-E241-43B2-B83F-2378EBBDD24F}.Release|Win32.Build.0 = Release|Win32
		{303568DA-FD43-4B0B-8D7E-090BC9350A64}.Debug|Win32.ActiveCfg = Debug|Win32
		{303568DA-FD43-4B0B-8D7E-090BC9350A64}.Debug|Win32.Build.0 = Debug|Win32
		{303568DA-FD43-4B0B-8D7E-090BC9350A64}.Release|Win32.ActiveCfg = Release|Win32
		{303568DA-FD43-4B0B-8D7E-090BC9350A64}.Release|Win32.Build.0 = Release|Win32
		{647229B4-4DBF-4113-B78B-80C257F68C90}.Debug|Win32.ActiveCfg = Debug|Win32
		{647229B4-4DBF-4113-B78B-80C257F68C90}.Debug|Win32.Build.0 = Debug|Win32
		{647229B4-4DBF-4113-B78B-80C257F68C90}.Release|Win32.ActiveCfg = Release|Win32
		{647229B4-4DBF-4113-B78B-80C257F68C90}.Release|Win32.Build.0 = Release|Win32
	EndGlobalSection
	GlobalSection(SolutionProperties) = preSolution
		HideSolutionNode = FALSE
	EndGlobalSection
EndGlobal
